
Microsoft Visual Studio Solution File, Format Version 12.00
# Visual Studio Version 17
VisualStudioVersion = 17.5.33424.131
MinimumVisualStudioVersion = 10.0.40219.1
Project("{FAE04EC0-301F-11D3-BF4B-00C04F79EFBC}") = "FizzBuzzWeb", "FizzBuzzWeb.csproj", "{A1436F5B-52FF-4409-9B41-8FBBAEA46120}"
EndProject
Global
	GlobalSection(SolutionConfigurationPlatforms) = preSolution
		Debug|Any CPU = Debug|Any CPU
		Release|Any CPU = Release|Any CPU
	EndGlobalSection
	GlobalSection(ProjectConfigurationPlatforms) = postSolution
		{A1436F5B-52FF-4409-9B41-8FBBAEA46120}.Debug|Any CPU.ActiveCfg = Debug|Any CPU
		{A1436F5B-52FF-4409-9B41-8FBBAEA46120}.Debug|Any CPU.Build.0 = Debug|Any CPU
		{A1436F5B-52FF-4409-9B41-8FBBAEA46120}.Release|Any CPU.ActiveCfg = Release|Any CPU
		{A1436F5B-52FF-4409-9B41-8FBBAEA46120}.Release|Any CPU.Build.0 = Release|Any CPU
	EndGlobalSection
	GlobalSection(SolutionProperties) = preSolution
		HideSolutionNode = FALSE
	EndGlobalSection
	GlobalSection(ExtensibilityGlobals) = postSolution
		SolutionGuid = {6F291096-2096-46F0-AFF7-869BE39E22A8}
	EndGlobalSection
EndGlobal
